// !$*UTF8*$!
{
	archiveVersion = 1;
	classes = {
	};
	objectVersion = 46;
	objects = {

/* Begin PBXBuildFile section */
		3559A19822AA148A96AA8BF2 /* OpenGL.framework in Frameworks */ = {isa = PBXBuildFile; fileRef = 9A4920FC1F7A7219000006A2 /* OpenGL.framework */; };
		3559A5B3019650E306559918 /* GLUT.framework in Frameworks */ = {isa = PBXBuildFile; fileRef = 9A4920FE1F7A7272000006A2 /* GLUT.framework */; };
		9A4920F51F7A71F8000006A2 /* main.cpp in Sources */ = {isa = PBXBuildFile; fileRef = 9A4920F41F7A71F8000006A2 /* main.cpp */; };
		9A4920FD1F7A7219000006A2 /* OpenGL.framework in Frameworks */ = {isa = PBXBuildFile; fileRef = 9A4920FC1F7A7219000006A2 /* OpenGL.framework */; };
		9A4920FF1F7A7272000006A2 /* GLUT.framework in Frameworks */ = {isa = PBXBuildFile; fileRef = 9A4920FE1F7A7272000006A2 /* GLUT.framework */; };
/* End PBXBuildFile section */

/* Begin PBXCopyFilesBuildPhase section */
		9A4920EF1F7A71F8000006A2 /* CopyFiles */ = {
			isa = PBXCopyFilesBuildPhase;
			buildActionMask = 2147483647;
			dstPath = /usr/share/man/man1/;
			dstSubfolderSpec = 0;
			files = (
			);
			runOnlyForDeploymentPostprocessing = 1;
		};
/* End PBXCopyFilesBuildPhase section */

/* Begin PBXFileReference section */
		3559AAD93DD8A12DA70E2D60 /* bevgrafmath2017.h */ = {isa = PBXFileReference; fileEncoding = 4; lastKnownFileType = sourcecode.c.h; path = bevgrafmath2017.h; sourceTree = "<group>"; };
		9A4920F11F7A71F8000006A2 /* basicstuff */ = {isa = PBXFileReference; explicitFileType = "compiled.mach-o.executable"; includeInIndex = 0; path = basicstuff; sourceTree = BUILT_PRODUCTS_DIR; };
		9A4920F41F7A71F8000006A2 /* main.cpp */ = {isa = PBXFileReference; lastKnownFileType = sourcecode.cpp.cpp; path = main.cpp; sourceTree = "<group>"; };
		9A4920FC1F7A7219000006A2 /* OpenGL.framework */ = {isa = PBXFileReference; lastKnownFileType = wrapper.framework; name = OpenGL.framework; path = System/Library/Frameworks/OpenGL.framework; sourceTree = SDKROOT; };
		9A4920FE1F7A7272000006A2 /* GLUT.framework */ = {isa = PBXFileReference; lastKnownFileType = wrapper.framework; name = GLUT.framework; path = System/Library/Frameworks/GLUT.framework; sourceTree = SDKROOT; };
/* End PBXFileReference section */

/* Begin PBXFrameworksBuildPhase section */
		9A4920EE1F7A71F8000006A2 /* Frameworks */ = {
			isa = PBXFrameworksBuildPhase;
			buildActionMask = 2147483647;
			files = (
				9A4920FF1F7A7272000006A2 /* GLUT.framework in Frameworks */,
				9A4920FD1F7A7219000006A2 /* OpenGL.framework in Frameworks */,
				3559A19822AA148A96AA8BF2 /* OpenGL.framework in Frameworks */,
				3559A5B3019650E306559918 /* GLUT.framework in Frameworks */,
			);
			runOnlyForDeploymentPostprocessing = 0;
		};
/* End PBXFrameworksBuildPhase section */

/* Begin PBXGroup section */
		9A4920E81F7A71F8000006A2 = {
			isa = PBXGroup;
			children = (
				9A4920F31F7A71F8000006A2 /* basicstuff */,
				9A4920F21F7A71F8000006A2 /* Products */,
				9A4920FB1F7A7219000006A2 /* Frameworks */,
			);
			sourceTree = "<group>";
		};
		9A4920F21F7A71F8000006A2 /* Products */ = {
			isa = PBXGroup;
			children = (
				9A4920F11F7A71F8000006A2 /* basicstuff */,
			);
			name = Products;
			sourceTree = "<group>";
		};
		9A4920F31F7A71F8000006A2 /* basicstuff */ = {
			isa = PBXGroup;
			children = (
				9A4920F41F7A71F8000006A2 /* main.cpp */,
				3559AAD93DD8A12DA70E2D60 /* bevgrafmath2017.h */,
			);
			path = basicstuff;
			sourceTree = "<group>";
		};
		9A4920FB1F7A7219000006A2 /* Frameworks */ = {
			isa = PBXGroup;
			children = (
				9A4920FE1F7A7272000006A2 /* GLUT.framework */,
				9A4920FC1F7A7219000006A2 /* OpenGL.framework */,
			);
			name = Frameworks;
			sourceTree = "<group>";
		};
/* End PBXGroup section */

/* Begin PBXNativeTarget section */
		9A4920F01F7A71F8000006A2 /* basicstuff */ = {
			isa = PBXNativeTarget;
			buildConfigurationList = 9A4920F81F7A71F8000006A2 /* Build configuration list for PBXNativeTarget "basicstuff" */;
			buildPhases = (
				9A4920ED1F7A71F8000006A2 /* Sources */,
				9A4920EE1F7A71F8000006A2 /* Frameworks */,
				9A4920EF1F7A71F8000006A2 /* CopyFiles */,
			);
			buildRules = (
			);
			dependencies = (
			);
			name = basicstuff;
			productName = basicstuff;
			productReference = 9A4920F11F7A71F8000006A2 /* basicstuff */;
			productType = "com.apple.product-type.tool";
		};
/* End PBXNativeTarget section */

/* Begin PBXProject section */
		9A4920E91F7A71F8000006A2 /* Project object */ = {
			isa = PBXProject;
			attributes = {
				LastUpgradeCheck = 0830;
				ORGANIZATIONNAME = "Kornel Filep";
				TargetAttributes = {
					9A4920F01F7A71F8000006A2 = {
						CreatedOnToolsVersion = 8.3.2;
						DevelopmentTeam = N6UJ55Y7KA;
						ProvisioningStyle = Automatic;
					};
				};
			};
			buildConfigurationList = 9A4920EC1F7A71F8000006A2 /* Build configuration list for PBXProject "basicstuff" */;
			compatibilityVersion = "Xcode 3.2";
			developmentRegion = English;
			hasScannedForEncodings = 0;
			knownRegions = (
				en,
			);
			mainGroup = 9A4920E81F7A71F8000006A2;
			productRefGroup = 9A4920F21F7A71F8000006A2 /* Products */;
			projectDirPath = "";
			projectRoot = "";
			targets = (
				9A4920F01F7A71F8000006A2 /* basicstuff */,
			);
		};
/* End PBXProject section */

/* Begin PBXSourcesBuildPhase section */
		9A4920ED1F7A71F8000006A2 /* Sources */ = {
			isa = PBXSourcesBuildPhase;
			buildActionMask = 2147483647;
			files = (
				9A4920F51F7A71F8000006A2 /* main.cpp in Sources */,
			);
			runOnlyForDeploymentPostprocessing = 0;
		};
/* End PBXSourcesBuildPhase section */

/* Begin XCBuildConfiguration section */
		9A4920F61F7A71F8000006A2 /* Debug */ = {
			isa = XCBuildConfiguration;
			buildSettings = {
				ALWAYS_SEARCH_USER_PATHS = NO;
				CLANG_ANALYZER_NONNULL = YES;
				CLANG_ANALYZER_NUMBER_OBJECT_CONVERSION = YES_AGGRESSIVE;
				CLANG_CXX_LANGUAGE_STANDARD = "gnu++0x";
				CLANG_CXX_LIBRARY = "libc++";
				CLANG_ENABLE_MODULES = YES;
				CLANG_ENABLE_OBJC_ARC = YES;
				CLANG_WARN_BOOL_CONVERSION = YES;
				CLANG_WARN_CONSTANT_CONVERSION = YES;
				CLANG_WARN_DIRECT_OBJC_ISA_USAGE = YES_ERROR;
				CLANG_WARN_DOCUMENTATION_COMMENTS = YES;
				CLANG_WARN_EMPTY_BODY = YES;
				CLANG_WARN_ENUM_CONVERSION = YES;
				CLANG_WARN_INFINITE_RECURSION = YES;
				CLANG_WARN_INT_CONVERSION = YES;
				CLANG_WARN_OBJC_ROOT_CLASS = YES_ERROR;
				CLANG_WARN_SUSPICIOUS_MOVE = YES;
				CLANG_WARN_UNREACHABLE_CODE = YES;
				CLANG_WARN__DUPLICATE_METHOD_MATCH = YES;
				CODE_SIGN_IDENTITY = "-";
				COPY_PHASE_STRIP = NO;
				DEBUG_INFORMATION_FORMAT = dwarf;
				ENABLE_STRICT_OBJC_MSGSEND = YES;
				ENABLE_TESTABILITY = YES;
				FRAMEWORK_SEARCH_PATHS = (
				);
				GCC_C_LANGUAGE_STANDARD = gnu99;
				GCC_DYNAMIC_NO_PIC = NO;
				GCC_NO_COMMON_BLOCKS = YES;
				GCC_OPTIMIZATION_LEVEL = 0;
				GCC_PREPROCESSOR_DEFINITIONS = (
					"DEBUG=1",
					"$(inherited)",
				);
				GCC_VERSION = "";
				GCC_WARN_64_TO_32_BIT_CONVERSION = YES;
				GCC_WARN_ABOUT_RETURN_TYPE = YES_ERROR;
				GCC_WARN_UNDECLARED_SELECTOR = YES;
				GCC_WARN_UNINITIALIZED_AUTOS = YES_AGGRESSIVE;
				GCC_WARN_UNUSED_FUNCTION = YES;
				GCC_WARN_UNUSED_VARIABLE = YES;
				HEADER_SEARCH_PATHS = (
				);
				LD_RUNPATH_SEARCH_PATHS = (
				);
				LIBRARY_SEARCH_PATHS = (
				);
				MACOSX_DEPLOYMENT_TARGET = 10.12;
				MTL_ENABLE_DEBUG_INFO = YES;
				ONLY_ACTIVE_ARCH = YES;
				OTHER_LDFLAGS = (
				);
				SDKROOT = macosx;
			};
			name = Debug;
		};
		9A4920F71F7A71F8000006A2 /* Release */ = {
			isa = XCBuildConfiguration;
			buildSettings = {
				ALWAYS_SEARCH_USER_PATHS = NO;
				CLANG_ANALYZER_NONNULL = YES;
				CLANG_ANALYZER_NUMBER_OBJECT_CONVERSION = YES_AGGRESSIVE;
				CLANG_CXX_LANGUAGE_STANDARD = "gnu++0x";
				CLANG_CXX_LIBRARY = "libc++";
				CLANG_ENABLE_MODULES = YES;
				CLANG_ENABLE_OBJC_ARC = YES;
				CLANG_WARN_BOOL_CONVERSION = YES;
				CLANG_WARN_CONSTANT_CONVERSION = YES;
				CLANG_WARN_DIRECT_OBJC_ISA_USAGE = YES_ERROR;
				CLANG_WARN_DOCUMENTATION_COMMENTS = YES;
				CLANG_WARN_EMPTY_BODY = YES;
				CLANG_WARN_ENUM_CONVERSION = YES;
				CLANG_WARN_INFINITE_RECURSION = YES;
				CLANG_WARN_INT_CONVERSION = YES;
				CLANG_WARN_OBJC_ROOT_CLASS = YES_ERROR;
				CLANG_WARN_SUSPICIOUS_MOVE = YES;
				CLANG_WARN_UNREACHABLE_CODE = YES;
				CLANG_WARN__DUPLICATE_METHOD_MATCH = YES;
				CODE_SIGN_IDENTITY = "-";
				COPY_PHASE_STRIP = NO;
				DEBUG_INFORMATION_FORMAT = "dwarf-with-dsym";
				ENABLE_NS_ASSERTIONS = NO;
				ENABLE_STRICT_OBJC_MSGSEND = YES;
				FRAMEWORK_SEARCH_PATHS = (
				);
				GCC_C_LANGUAGE_STANDARD = gnu99;
				GCC_NO_COMMON_BLOCKS = YES;
				GCC_WARN_64_TO_32_BIT_CONVERSION = YES;
				GCC_WARN_ABOUT_RETURN_TYPE = YES_ERROR;
				GCC_WARN_UNDECLARED_SELECTOR = YES;
				GCC_WARN_UNINITIALIZED_AUTOS = YES_AGGRESSIVE;
				GCC_WARN_UNUSED_FUNCTION = YES;
				GCC_WARN_UNUSED_VARIABLE = YES;
				HEADER_SEARCH_PATHS = (
				);
				LIBRARY_SEARCH_PATHS = (
				);
				MACOSX_DEPLOYMENT_TARGET = 10.12;
				MTL_ENABLE_DEBUG_INFO = NO;
				SDKROOT = macosx;
			};
			name = Release;
		};
		9A4920F91F7A71F8000006A2 /* Debug */ = {
			isa = XCBuildConfiguration;
			buildSettings = {
				DEVELOPMENT_TEAM = N6UJ55Y7KA;
				MACOSX_DEPLOYMENT_TARGET = 10.8;
				PRODUCT_NAME = "$(TARGET_NAME)";
			};
			name = Debug;
		};
		9A4920FA1F7A71F8000006A2 /* Release */ = {
			isa = XCBuildConfiguration;
			buildSettings = {
				DEVELOPMENT_TEAM = N6UJ55Y7KA;
				MACOSX_DEPLOYMENT_TARGET = 10.8;
				PRODUCT_NAME = "$(TARGET_NAME)";
			};
			name = Release;
		};
/* End XCBuildConfiguration section */

/* Begin XCConfigurationList section */
		9A4920EC1F7A71F8000006A2 /* Build configuration list for PBXProject "basicstuff" */ = {
			isa = XCConfigurationList;
			buildConfigurations = (
				9A4920F61F7A71F8000006A2 /* Debug */,
				9A4920F71F7A71F8000006A2 /* Release */,
			);
			defaultConfigurationIsVisible = 0;
			defaultConfigurationName = Release;
		};
		9A4920F81F7A71F8000006A2 /* Build configuration list for PBXNativeTarget "basicstuff" */ = {
			isa = XCConfigurationList;
			buildConfigurations = (
				9A4920F91F7A71F8000006A2 /* Debug */,
				9A4920FA1F7A71F8000006A2 /* Release */,
			);
			defaultConfigurationIsVisible = 0;
			defaultConfigurationName = Release;
		};
/* End XCConfigurationList section */
	};
	rootObject = 9A4920E91F7A71F8000006A2 /* Project object */;
}
